
Microsoft Visual Studio Solution File, Format Version 12.00
# Visual Studio Version 17
VisualStudioVersion = 17.0.32014.148
MinimumVisualStudioVersion = 10.0.40219.1
Project("{FAE04EC0-301F-11D3-BF4B-00C04F79EFBC}") = "SqlAutoStartR", "SqlAutoStartR\SqlAutoStartR.csproj", "{E73F7438-2503-4A28-A637-872E2C9ACB7B}"
EndProject
Global
	GlobalSection(SolutionConfigurationPlatforms) = preSolution
		Debug|Any CPU = Debug|Any CPU
		Release|Any CPU = Release|Any CPU
	EndGlobalSection
	GlobalSection(ProjectConfigurationPlatforms) = postSolution
		{E73F7438-2503-4A28-A637-872E2C9ACB7B}.Debug|Any CPU.ActiveCfg = Debug|Any CPU
		{E73F7438-2503-4A28-A637-872E2C9ACB7B}.Debug|Any CPU.Build.0 = Debug|Any CPU
		{E73F7438-2503-4A28-A637-872E2C9ACB7B}.Release|Any CPU.ActiveCfg = Release|Any CPU
		{E73F7438-2503-4A28-A637-872E2C9ACB7B}.Release|Any CPU.Build.0 = Release|Any CPU
	EndGlobalSection
	GlobalSection(SolutionProperties) = preSolution
		HideSolutionNode = FALSE
	EndGlobalSection
	GlobalSection(ExtensibilityGlobals) = postSolution
		SolutionGuid = {DAEB72F0-50FD-46CB-A3E5-E637F996B44D}
	EndGlobalSection
EndGlobal
